Microsoft Visual Studio Solution File, Format Version 11.00
# Visual Studio 2010
Project("{FAE04EC0-301F-11D3-BF4B-00C04F79EFBC}") = "Assembly-CSharp-firstpass", "Assembly-CSharp-firstpass.csproj", "{08CADA85-8A6B-10E4-8B16-3424EAB3C0FB}"
EndProject
Project("{FAE04EC0-301F-11D3-BF4B-00C04F79EFBC}") = "Assembly-CSharp", "Assembly-CSharp.csproj", "{ECC2B1BF-22DD-67EF-D6A4-746F1908B34F}"
EndProject
Project("{FAE04EC0-301F-11D3-BF4B-00C04F79EFBC}") = "Assembly-CSharp-Editor-firstpass", "Assembly-CSharp-Editor-firstpass.csproj", "{636A5D00-8C82-9E57-6EC6-62F841CC8938}"
EndProject
Project("{FAE04EC0-301F-11D3-BF4B-00C04F79EFBC}") = "Assembly-CSharp-Editor", "Assembly-CSharp-Editor.csproj", "{7E9B9C78-5010-FCD4-758F-05778C1047B7}"
EndProject
Global
	GlobalSection(SolutionConfigurationPlatforms) = preSolution
		Debug|Any CPU = Debug|Any CPU
		Release|Any CPU = Release|Any CPU
	EndGlobalSection
	GlobalSection(ProjectConfigurationPlatforms) = postSolution
		{08CADA85-8A6B-10E4-8B16-3424EAB3C0FB}.Debug|Any CPU.ActiveCfg = Debug|Any CPU
		{08CADA85-8A6B-10E4-8B16-3424EAB3C0FB}.Debug|Any CPU.Build.0 = Debug|Any CPU
		{08CADA85-8A6B-10E4-8B16-3424EAB3C0FB}.Release|Any CPU.ActiveCfg = Release|Any CPU
		{08CADA85-8A6B-10E4-8B16-3424EAB3C0FB}.Release|Any CPU.Build.0 = Release|Any CPU
		{ECC2B1BF-22DD-67EF-D6A4-746F1908B34F}.Debug|Any CPU.ActiveCfg = Debug|Any CPU
		{ECC2B1BF-22DD-67EF-D6A4-746F1908B34F}.Debug|Any CPU.Build.0 = Debug|Any CPU
		{ECC2B1BF-22DD-67EF-D6A4-746F1908B34F}.Release|Any CPU.ActiveCfg = Release|Any CPU
		{ECC2B1BF-22DD-67EF-D6A4-746F1908B34F}.Release|Any CPU.Build.0 = Release|Any CPU
		{636A5D00-8C82-9E57-6EC6-62F841CC8938}.Debug|Any CPU.ActiveCfg = Debug|Any CPU
		{636A5D00-8C82-9E57-6EC6-62F841CC8938}.Debug|Any CPU.Build.0 = Debug|Any CPU
		{636A5D00-8C82-9E57-6EC6-62F841CC8938}.Release|Any CPU.ActiveCfg = Release|Any CPU
		{636A5D00-8C82-9E57-6EC6-62F841CC8938}.Release|Any CPU.Build.0 = Release|Any CPU
		{7E9B9C78-5010-FCD4-758F-05778C1047B7}.Debug|Any CPU.ActiveCfg = Debug|Any CPU
		{7E9B9C78-5010-FCD4-758F-05778C1047B7}.Debug|Any CPU.Build.0 = Debug|Any CPU
		{7E9B9C78-5010-FCD4-758F-05778C1047B7}.Release|Any CPU.ActiveCfg = Release|Any CPU
		{7E9B9C78-5010-FCD4-758F-05778C1047B7}.Release|Any CPU.Build.0 = Release|Any CPU
	EndGlobalSection
	GlobalSection(SolutionProperties) = preSolution
		HideSolutionNode = FALSE
	EndGlobalSection
	GlobalSection(MonoDevelopProperties) = preSolution
		StartupItem = Assembly-CSharp.csproj
	EndGlobalSection
EndGlobal
